
Microsoft Visual Studio Solution File, Format Version 12.00
# Visual Studio 15
VisualStudioVersion = 15.0.28307.1209
MinimumVisualStudioVersion = 10.0.40219.1
Project("{FAE04EC0-301F-11D3-BF4B-00C04F79EFBC}") = "WarehouseManagementSystem.Api", "WarehouseManagementSystem\WarehouseManagementSystem.Api.csproj", "{05DFC468-3FD3-4ECB-BD21-32A734781179}"
EndProject
Global
	GlobalSection(SolutionConfigurationPlatforms) = preSolution
		Debug|Any CPU = Debug|Any CPU
		Release|Any CPU = Release|Any CPU
	EndGlobalSection
	GlobalSection(ProjectConfigurationPlatforms) = postSolution
		{05DFC468-3FD3-4ECB-BD21-32A734781179}.Debug|Any CPU.ActiveCfg = Debug|Any CPU
		{05DFC468-3FD3-4ECB-BD21-32A734781179}.Debug|Any CPU.Build.0 = Debug|Any CPU
		{05DFC468-3FD3-4ECB-BD21-32A734781179}.Release|Any CPU.ActiveCfg = Release|Any CPU
		{05DFC468-3FD3-4ECB-BD21-32A734781179}.Release|Any CPU.Build.0 = Release|Any CPU
	EndGlobalSection
	GlobalSection(SolutionProperties) = preSolution
		HideSolutionNode = FALSE
	EndGlobalSection
	GlobalSection(ExtensibilityGlobals) = postSolution
		SolutionGuid = {811DF17D-C886-4A12-9922-65CF27AE30EF}
	EndGlobalSection
EndGlobal
